
Microsoft Visual Studio Solution File, Format Version 11.00
# Visual C# Express 2010
Project("{FAE04EC0-301F-11D3-BF4B-00C04F79EFBC}") = "CS1400_lab 19", "CS1400_lab 19\CS1400_lab 19.csproj", "{B1BB219E-9EFC-4DFD-8865-F55C8FE5A55F}"
EndProject
Global
	GlobalSection(SolutionConfigurationPlatforms) = preSolution
		Debug|Any CPU = Debug|Any CPU
		Release|Any CPU = Release|Any CPU
	EndGlobalSection
	GlobalSection(ProjectConfigurationPlatforms) = postSolution
		{B1BB219E-9EFC-4DFD-8865-F55C8FE5A55F}.Debug|Any CPU.ActiveCfg = Debug|Any CPU
		{B1BB219E-9EFC-4DFD-8865-F55C8FE5A55F}.Debug|Any CPU.Build.0 = Debug|Any CPU
		{B1BB219E-9EFC-4DFD-8865-F55C8FE5A55F}.Release|Any CPU.ActiveCfg = Release|Any CPU
		{B1BB219E-9EFC-4DFD-8865-F55C8FE5A55F}.Release|Any CPU.Build.0 = Release|Any CPU
	EndGlobalSection
	GlobalSection(SolutionProperties) = preSolution
		HideSolutionNode = FALSE
	EndGlobalSection
EndGlobal
