
Microsoft Visual Studio Solution File, Format Version 11.00
# Visual C# Express 2010
Project("{FAE04EC0-301F-11D3-BF4B-00C04F79EFBC}") = "CS1400_lab23 JDO", "CS1400_lab23 JDO\CS1400_lab23 JDO.csproj", "{366B6E02-544D-4543-9E15-DFDAD499CCEB}"
EndProject
Global
	GlobalSection(SolutionConfigurationPlatforms) = preSolution
		Debug|Any CPU = Debug|Any CPU
		Release|Any CPU = Release|Any CPU
	EndGlobalSection
	GlobalSection(ProjectConfigurationPlatforms) = postSolution
		{366B6E02-544D-4543-9E15-DFDAD499CCEB}.Debug|Any CPU.ActiveCfg = Debug|Any CPU
		{366B6E02-544D-4543-9E15-DFDAD499CCEB}.Debug|Any CPU.Build.0 = Debug|Any CPU
		{366B6E02-544D-4543-9E15-DFDAD499CCEB}.Release|Any CPU.ActiveCfg = Release|Any CPU
		{366B6E02-544D-4543-9E15-DFDAD499CCEB}.Release|Any CPU.Build.0 = Release|Any CPU
	EndGlobalSection
	GlobalSection(SolutionProperties) = preSolution
		HideSolutionNode = FALSE
	EndGlobalSection
EndGlobal
